github.com/AllenDang/cimgui-go v1.4.0 h1:jrgAIysC7ToTaoFSL3wxsZUV9NOQyiTQ5cX3u27mANA=
github.com/AllenDang/cimgui-go v1.4.0/go.mod h1:VCrH8Wyb3pZ2cYQM630LmdquB1OkeXMnmBv/oTDQn1c=
github.com/coreos/go-systemd/v22 v22.5.0/go.mod h1:Y58oyj3AT4RCenI/lSvhwexgC+NSVTIJ3seZv2GcEnc=
github.com/davecgh/go-spew v1.1.1 h1:vj9j/u1bqnvCEfJOwUhtlOARqs3+rkHYY13jYWTU97c=
github.com/davecgh/go-spew v1.1.1/go.mod h1:J7Y8YcW2NihsgmVo/mv3lAwl/skON4iLHjSsI+c5H38=
github.com/dustin/go-humanize v1.0.1 h1:GzkhY7T5VNhEkwH0PVJgjz+fX1rhBrR7pRT3mDkpeCY=
github.com/dustin/go-humanize v1.0.1/go.mod h1:Mu1zIs6XwVuF/gI1OepvI0qD18qycQx+mFykh5fBlto=
github.com/godbus/dbus/v5 v5.0.4/go.mod h1:xhWf0FNVPg57R7Z0UbKHbJfkEywrmjJnf7w5xrFpKfA=
github.com/klauspost/compress v1.18.3 h1:9PJRvfbmTabkOX8moIpXPbMMbYN60bWImDDU7L+/6zw=
github.com/klauspost/compress v1.18.3/go.mod h1:R0h/fSBs8DE4ENlcrlib3PsXS61voFxhIs2DeRhCvJ4=
github.com/mattn/go-colorable v0.1.13 h1:fFA4WZxdEF4tXPZVKMLwD8oUnCTTo08duU7wxecdEvA=
github.com/mattn/go-colorable v0.1.13/go.mod h1:7S9/ev0klgBDR4GtXTXX8a3vIGJpMovkB8vQcUbaXHg=
github.com/mattn/go-colorable v0.1.14 h1:9A9LHSqF/7dyVVX6g0U9cwm9pG3kP9gSzcuIPHPsaIE=
github.com/mattn/go-colorable v0.1.14/go.mod h1:6LmQG8QLFO4G5z1gPvYEzlUgJ2wF+stgPZH1UqBm1s8=
github.com/mattn/go-isatty v0.0.16/go.mod h1:kYGgaQfpe5nmfYZH+SKPsOc2e4SrIfOl2e/yFXSvRLM=
github.com/mattn/go-isatty v0.0.19 h1:JITubQf0MOLdlGRuRq+jtsDlekdYPia9ZFsB8h/APPA=
github.com/mattn/go-isatty v0.0.19/go.mod h1:W+V8PltTTMOvKvAeJH7IuucS94S2C6jfK/D7dTCTo3Y=
github.com/mattn/go-isatty v0.0.20 h1:xfD0iDuEKnDkl03q4limB+vH+GxLEtL/jb4xVJSWWEY=
github.com/mattn/go-isatty v0.0.20/go.mod h1:W+V8PltTTMOvKvAeJH7IuucS94S2C6jfK/D7dTCTo3Y=
github.com/maxsupermanhd/wrpl-inspector/v2 v2.0.1 h1:f4Y6/a1P3QdX/xWHAK+ixOcGaZzLx5qcZp1Z+GTYdjg=
github.com/maxsupermanhd/wrpl-inspector/v2 v2.0.1/go.mod h1:pxvJ5FTPMbXQtqjQZ1i2RJpHn6GRxjQSwxLMqMruT9E=
github.com/maxsupermanhd/wrpl-inspector/v2 v2.0.2 h1:mOYW7W2U7Px+hDmBBrDOWlwLxLJ/JbCMe2o+xL35EtA=
github.com/maxsupermanhd/wrpl-inspector/v2 v2.0.2/go.mod h1:qVYcYuf3c0UpMzs8gu8Wk9ZhwWyqxBHKAnsIr7p4Y+A=
github.com/maxsupermanhd/wrpl-inspector/v2 v2.0.3 h1:MaaDPRnTarPuU55T6rOWympZGgdj2YWQQ9RsyJ3uQbY=
github.com/maxsupermanhd/wrpl-inspector/v2 v2.0.3/go.mod h1:qVYcYuf3c0UpMzs8gu8Wk9ZhwWyqxBHKAnsIr7p4Y+A=
github.com/maxsupermanhd/wrpl-inspector/v2 v2.0.4 h1:WK5FtCwlWgUZ4NqmAz26ox6TcBDcNJWbSHkBNLu9lp4=
github.com/maxsupermanhd/wrpl-inspector/v2 v2.0.4/go.mod h1:qVYcYuf3c0UpMzs8gu8Wk9ZhwWyqxBHKAnsIr7p4Y+A=
github.com/maxsupermanhd/wrpl-inspector/v2 v2.0.5 h1:LzJZMYo01sKrM+4sjPCjLux7KdzgbW3AJkHCbFGRozM=
github.com/maxsupermanhd/wrpl-inspector/v2 v2.0.5/go.mod h1:qVYcYuf3c0UpMzs8gu8Wk9ZhwWyqxBHKAnsIr7p4Y+A=
github.com/maxsupermanhd/wrpl-inspector/v2 v2.0.6 h1:6rjbGhK88wB3s2ps/x5Ehu5M5mACGaoCevVL1I29Ses=
github.com/maxsupermanhd/wrpl-inspector/v2 v2.0.6/go.mod h1:qVYcYuf3c0UpMzs8gu8Wk9ZhwWyqxBHKAnsIr7p4Y+A=
github.com/maxsupermanhd/wrpl-inspector/v2 v2.0.7 h1:lhuFiKM9H+cK8EQUiXJN2MYDg9W107RiY0GQSzf5R30=
github.com/maxsupermanhd/wrpl-inspector/v2 v2.0.7/go.mod h1:qVYcYuf3c0UpMzs8gu8Wk9ZhwWyqxBHKAnsIr7p4Y+A=
github.com/maxsupermanhd/wrpl-inspector/v2 v2.0.8 h1:lLGr5XwnNShUk1hWHvAzbFYd15UQWYo7D6XviTqDy+M=
github.com/maxsupermanhd/wrpl-inspector/v2 v2.0.8/go.mod h1:qVYcYuf3c0UpMzs8gu8Wk9ZhwWyqxBHKAnsIr7p4Y+A=
github.com/maxsupermanhd/wrpl-inspector/v2 v2.0.10 h1:aUpllkou3GzCdQDl/nfZPELWit8yhi70SOTsY3GB5Ck=
github.com/maxsupermanhd/wrpl-inspector/v2 v2.0.10/go.mod h1:qVYcYuf3c0UpMzs8gu8Wk9ZhwWyqxBHKAnsIr7p4Y+A=
github.com/maxsupermanhd/wrpl-inspector/v2 v2.0.13 h1:vYnTUzdwSItVfOpTmlmxhC7gK/l+GhaBgiT3mCjcBv0=
github.com/maxsupermanhd/wrpl-inspector/v2 v2.0.13/go.mod h1:qVYcYuf3c0UpMzs8gu8Wk9ZhwWyqxBHKAnsIr7p4Y+A=
github.com/maxsupermanhd/wrpl-inspector/v2 v2.0.14 h1:a9h3GAxTo5CebV9uIjE3smZ/B7Irdu1/Xc9Jw6FxQSU=
github.com/maxsupermanhd/wrpl-inspector/v2 v2.0.14/go.mod h1:qVYcYuf3c0UpMzs8gu8Wk9ZhwWyqxBHKAnsIr7p4Y+A=
github.com/pierrec/lz4/v4 v4.1.25 h1:kocOqRffaIbU5djlIBr7Wh+cx82C0vtFb0fOurZHqD0=
github.com/pierrec/lz4/v4 v4.1.25/go.mod h1:EoQMVJgeeEOMsCqCzqFm2O0cJvljX2nGZjcRIPL34O4=
github.com/pkg/errors v0.9.1/go.mod h1:bwawxfHBFNV+L2hUp1rHADufV3IMtnDRdf1r5NINEl0=
github.com/rs/xid v1.6.0/go.mod h1:7XoLgs4eV+QndskICGsho+ADou8ySMSjJKDIan90Nz0=
github.com/rs/zerolog v1.34.0 h1:k43nTLIwcTVQAncfCw4KZ2VY6ukYoZaBPNOE8txlOeY=
github.com/rs/zerolog v1.34.0/go.mod h1:bJsvje4Z08ROH4Nhs5iH600c3IkWhwp44iRc54W6wYQ=
golang.org/x/sys v0.0.0-20220811171246-fbc7d0a398ab/go.mod h1:oPkhp1MJrh7nUepCBck5+mAzfO9JrbApNNgaTdGDITg=
golang.org/x/sys v0.6.0/go.mod h1:oPkhp1MJrh7nUepCBck5+mAzfO9JrbApNNgaTdGDITg=
golang.org/x/sys v0.12.0/go.mod h1:oPkhp1MJrh7nUepCBck5+mAzfO9JrbApNNgaTdGDITg=
golang.org/x/sys v0.25.0 h1:r+8e+loiHxRqhXVl6ML1nO3l1+oFoWbnlu2Ehimmi34=
golang.org/x/sys v0.25.0/go.mod h1:/VUhepiaJMQUp4+oa/7Zr1D23ma6VTLIYjOOTFZPUcA=
golang.org/x/sys v0.40.0 h1:DBZZqJ2Rkml6QMQsZywtnjnnGvHza6BTfYFWY9kjEWQ=
golang.org/x/sys v0.40.0/go.mod h1:OgkHotnGiDImocRcuBABYBEXf8A9a87e/uXjp9XT3ks=
